
Microsoft Visual Studio Solution File, Format Version 12.00
# Visual Studio 15
VisualStudioVersion = 15.0.27428.2037
MinimumVisualStudioVersion = 10.0.40219.1
Project("{FAE04EC0-301F-11D3-BF4B-00C04F79EFBC}") = "ContactUs", "ContactUs\ContactUs.csproj", "{182098CC-A848-4096-80A2-2C2560E6D3BA}"
EndProject
Global
	GlobalSection(SolutionConfigurationPlatforms) = preSolution
		Debug|Any CPU = Debug|Any CPU
		Release|Any CPU = Release|Any CPU
	EndGlobalSection
	GlobalSection(ProjectConfigurationPlatforms) = postSolution
		{182098CC-A848-4096-80A2-2C2560E6D3BA}.Debug|Any CPU.ActiveCfg = Debug|Any CPU
		{182098CC-A848-4096-80A2-2C2560E6D3BA}.Debug|Any CPU.Build.0 = Debug|Any CPU
		{182098CC-A848-4096-80A2-2C2560E6D3BA}.Release|Any CPU.ActiveCfg = Release|Any CPU
		{182098CC-A848-4096-80A2-2C2560E6D3BA}.Release|Any CPU.Build.0 = Release|Any CPU
	EndGlobalSection
	GlobalSection(SolutionProperties) = preSolution
		HideSolutionNode = FALSE
	EndGlobalSection
	GlobalSection(ExtensibilityGlobals) = postSolution
		SolutionGuid = {734A19C6-6092-4B90-B8F8-829A6C9C5649}
	EndGlobalSection
EndGlobal
